
Microsoft Visual Studio Solution File, Format Version 12.00
# Visual Studio 15
VisualStudioVersion = 15.0.28307.489
MinimumVisualStudioVersion = 10.0.40219.1
Project("{FAE04EC0-301F-11D3-BF4B-00C04F79EFBC}") = "Get_Edges", "Get_Edges\Get_Edges.csproj", "{E384919A-99A2-4479-87F8-E36935B6E558}"
EndProject
Global
	GlobalSection(SolutionConfigurationPlatforms) = preSolution
		Debug|Any CPU = Debug|Any CPU
		Release|Any CPU = Release|Any CPU
	EndGlobalSection
	GlobalSection(ProjectConfigurationPlatforms) = postSolution
		{E384919A-99A2-4479-87F8-E36935B6E558}.Debug|Any CPU.ActiveCfg = Debug|Any CPU
		{E384919A-99A2-4479-87F8-E36935B6E558}.Debug|Any CPU.Build.0 = Debug|Any CPU
		{E384919A-99A2-4479-87F8-E36935B6E558}.Release|Any CPU.ActiveCfg = Release|Any CPU
		{E384919A-99A2-4479-87F8-E36935B6E558}.Release|Any CPU.Build.0 = Release|Any CPU
	EndGlobalSection
	GlobalSection(SolutionProperties) = preSolution
		HideSolutionNode = FALSE
	EndGlobalSection
	GlobalSection(ExtensibilityGlobals) = postSolution
		SolutionGuid = {D37A5582-84DD-4BCA-B1AC-542939E15F51}
	EndGlobalSection
EndGlobal
