
Microsoft Visual Studio Solution File, Format Version 12.00
# Visual Studio 15
VisualStudioVersion = 15.0.28307.489
MinimumVisualStudioVersion = 10.0.40219.1
Project("{FAE04EC0-301F-11D3-BF4B-00C04F79EFBC}") = "stacksAndQueues", "stacksAndQueues\stacksAndQueues.csproj", "{CE242CA2-FE54-459A-9C18-E2225549232E}"
EndProject
Project("{FAE04EC0-301F-11D3-BF4B-00C04F79EFBC}") = "StackAndQueueTesting", "StackAndQueueTesting\StackAndQueueTesting.csproj", "{2D0086BE-D901-4BC0-9381-026F8C9528D3}"
EndProject
Global
	GlobalSection(SolutionConfigurationPlatforms) = preSolution
		Debug|Any CPU = Debug|Any CPU
		Release|Any CPU = Release|Any CPU
	EndGlobalSection
	GlobalSection(ProjectConfigurationPlatforms) = postSolution
		{CE242CA2-FE54-459A-9C18-E2225549232E}.Debug|Any CPU.ActiveCfg = Debug|Any CPU
		{CE242CA2-FE54-459A-9C18-E2225549232E}.Debug|Any CPU.Build.0 = Debug|Any CPU
		{CE242CA2-FE54-459A-9C18-E2225549232E}.Release|Any CPU.ActiveCfg = Release|Any CPU
		{CE242CA2-FE54-459A-9C18-E2225549232E}.Release|Any CPU.Build.0 = Release|Any CPU
		{2D0086BE-D901-4BC0-9381-026F8C9528D3}.Debug|Any CPU.ActiveCfg = Debug|Any CPU
		{2D0086BE-D901-4BC0-9381-026F8C9528D3}.Debug|Any CPU.Build.0 = Debug|Any CPU
		{2D0086BE-D901-4BC0-9381-026F8C9528D3}.Release|Any CPU.ActiveCfg = Release|Any CPU
		{2D0086BE-D901-4BC0-9381-026F8C9528D3}.Release|Any CPU.Build.0 = Release|Any CPU
	EndGlobalSection
	GlobalSection(SolutionProperties) = preSolution
		HideSolutionNode = FALSE
	EndGlobalSection
	GlobalSection(ExtensibilityGlobals) = postSolution
		SolutionGuid = {F86AF465-1C17-49E2-8843-6BF354668957}
	EndGlobalSection
EndGlobal
