
Microsoft Visual Studio Solution File, Format Version 12.00
# Visual Studio 15
VisualStudioVersion = 15.0.28307.489
MinimumVisualStudioVersion = 10.0.40219.1
Project("{FAE04EC0-301F-11D3-BF4B-00C04F79EFBC}") = "ConsoleApp1", "ConsoleApp1\ConsoleApp1.csproj", "{33103263-9B76-48FE-A0A0-9950186539B7}"
EndProject
Project("{FAE04EC0-301F-11D3-BF4B-00C04F79EFBC}") = "BinarySearchTesting", "BinarySearchTesting\BinarySearchTesting.csproj", "{325B4775-7203-49EA-AFED-DC1212B8FB45}"
EndProject
Project("{2150E333-8FDC-42A3-9474-1A3956D46DE8}") = "Solution Items", "Solution Items", "{B675E0F0-809C-4A91-93DD-44264BEE4731}"
	ProjectSection(SolutionItems) = preProject
		..\..\..\..\..\..\..\301\lab-06-backend\.gitignore = ..\..\..\..\..\..\..\301\lab-06-backend\.gitignore
	EndProjectSection
EndProject
Global
	GlobalSection(SolutionConfigurationPlatforms) = preSolution
		Debug|Any CPU = Debug|Any CPU
		Release|Any CPU = Release|Any CPU
	EndGlobalSection
	GlobalSection(ProjectConfigurationPlatforms) = postSolution
		{33103263-9B76-48FE-A0A0-9950186539B7}.Debug|Any CPU.ActiveCfg = Debug|Any CPU
		{33103263-9B76-48FE-A0A0-9950186539B7}.Debug|Any CPU.Build.0 = Debug|Any CPU
		{33103263-9B76-48FE-A0A0-9950186539B7}.Release|Any CPU.ActiveCfg = Release|Any CPU
		{33103263-9B76-48FE-A0A0-9950186539B7}.Release|Any CPU.Build.0 = Release|Any CPU
		{325B4775-7203-49EA-AFED-DC1212B8FB45}.Debug|Any CPU.ActiveCfg = Debug|Any CPU
		{325B4775-7203-49EA-AFED-DC1212B8FB45}.Debug|Any CPU.Build.0 = Debug|Any CPU
		{325B4775-7203-49EA-AFED-DC1212B8FB45}.Release|Any CPU.ActiveCfg = Release|Any CPU
		{325B4775-7203-49EA-AFED-DC1212B8FB45}.Release|Any CPU.Build.0 = Release|Any CPU
	EndGlobalSection
	GlobalSection(SolutionProperties) = preSolution
		HideSolutionNode = FALSE
	EndGlobalSection
	GlobalSection(ExtensibilityGlobals) = postSolution
		SolutionGuid = {0C83882F-8E82-471B-B586-087317A9115F}
	EndGlobalSection
EndGlobal
