
Microsoft Visual Studio Solution File, Format Version 12.00
# Visual Studio 15
VisualStudioVersion = 15.0.28307.489
MinimumVisualStudioVersion = 10.0.40219.1
Project("{9A19103F-16F7-4668-BE54-9A1E7A4F7556}") = "Tree", "Tree\Tree.csproj", "{A6649537-6321-436C-8E5C-298E0404D5EA}"
EndProject
Project("{FAE04EC0-301F-11D3-BF4B-00C04F79EFBC}") = "TreeTesting", "TreeTesting\TreeTesting.csproj", "{C931F2E9-16FF-4DD3-B25F-A09C253833E6}"
EndProject
Global
	GlobalSection(SolutionConfigurationPlatforms) = preSolution
		Debug|Any CPU = Debug|Any CPU
		Release|Any CPU = Release|Any CPU
	EndGlobalSection
	GlobalSection(ProjectConfigurationPlatforms) = postSolution
		{A6649537-6321-436C-8E5C-298E0404D5EA}.Debug|Any CPU.ActiveCfg = Debug|Any CPU
		{A6649537-6321-436C-8E5C-298E0404D5EA}.Debug|Any CPU.Build.0 = Debug|Any CPU
		{A6649537-6321-436C-8E5C-298E0404D5EA}.Release|Any CPU.ActiveCfg = Release|Any CPU
		{A6649537-6321-436C-8E5C-298E0404D5EA}.Release|Any CPU.Build.0 = Release|Any CPU
		{C931F2E9-16FF-4DD3-B25F-A09C253833E6}.Debug|Any CPU.ActiveCfg = Debug|Any CPU
		{C931F2E9-16FF-4DD3-B25F-A09C253833E6}.Debug|Any CPU.Build.0 = Debug|Any CPU
		{C931F2E9-16FF-4DD3-B25F-A09C253833E6}.Release|Any CPU.ActiveCfg = Release|Any CPU
		{C931F2E9-16FF-4DD3-B25F-A09C253833E6}.Release|Any CPU.Build.0 = Release|Any CPU
	EndGlobalSection
	GlobalSection(SolutionProperties) = preSolution
		HideSolutionNode = FALSE
	EndGlobalSection
	GlobalSection(ExtensibilityGlobals) = postSolution
		SolutionGuid = {14AA4CE8-C327-467B-9039-3B327A4E1334}
	EndGlobalSection
EndGlobal
